
Microsoft Visual Studio Solution File, Format Version 12.00
# Visual Studio 14
VisualStudioVersion = 14.0.25420.1
MinimumVisualStudioVersion = 10.0.40219.1
Project("{8BC9CEB8-8B4A-11D0-8D11-00A0C91BC942}") = "nmrb", "nmrb\nmrb.vcxproj", "{D4F20C02-C56D-43B6-AD35-07A6A7792115}"
EndProject
Project("{FAE04EC0-301F-11D3-BF4B-00C04F79EFBC}") = "nmrb_test", "nmrb_test\nmrb_test.csproj", "{F5B380E0-8B74-4830-A796-2F9FD5DCD27E}"
EndProject
Project("{FAE04EC0-301F-11D3-BF4B-00C04F79EFBC}") = "nmrb_unittest", "nmrb_unittest\nmrb_unittest.csproj", "{0A323CB3-9AB6-4DED-876A-AC2DAA170996}"
EndProject
Project("{FAE04EC0-301F-11D3-BF4B-00C04F79EFBC}") = "example1", "example1\example1.csproj", "{2928FC77-588E-4714-89B3-645B85A265DC}"
EndProject
Global
	GlobalSection(SolutionConfigurationPlatforms) = preSolution
		Debug|x86 = Debug|x86
		Release|x86 = Release|x86
	EndGlobalSection
	GlobalSection(ProjectConfigurationPlatforms) = postSolution
		{D4F20C02-C56D-43B6-AD35-07A6A7792115}.Debug|x86.ActiveCfg = Debug|Win32
		{D4F20C02-C56D-43B6-AD35-07A6A7792115}.Debug|x86.Build.0 = Debug|Win32
		{D4F20C02-C56D-43B6-AD35-07A6A7792115}.Release|x86.ActiveCfg = Release|Win32
		{D4F20C02-C56D-43B6-AD35-07A6A7792115}.Release|x86.Build.0 = Release|Win32
		{F5B380E0-8B74-4830-A796-2F9FD5DCD27E}.Debug|x86.ActiveCfg = Debug|x86
		{F5B380E0-8B74-4830-A796-2F9FD5DCD27E}.Debug|x86.Build.0 = Debug|x86
		{F5B380E0-8B74-4830-A796-2F9FD5DCD27E}.Release|x86.ActiveCfg = Release|x86
		{F5B380E0-8B74-4830-A796-2F9FD5DCD27E}.Release|x86.Build.0 = Release|x86
		{0A323CB3-9AB6-4DED-876A-AC2DAA170996}.Debug|x86.ActiveCfg = Debug|x86
		{0A323CB3-9AB6-4DED-876A-AC2DAA170996}.Debug|x86.Build.0 = Debug|x86
		{0A323CB3-9AB6-4DED-876A-AC2DAA170996}.Release|x86.ActiveCfg = Release|x86
		{0A323CB3-9AB6-4DED-876A-AC2DAA170996}.Release|x86.Build.0 = Release|x86
		{2928FC77-588E-4714-89B3-645B85A265DC}.Debug|x86.ActiveCfg = Debug|x86
		{2928FC77-588E-4714-89B3-645B85A265DC}.Debug|x86.Build.0 = Debug|x86
		{2928FC77-588E-4714-89B3-645B85A265DC}.Release|x86.ActiveCfg = Release|x86
		{2928FC77-588E-4714-89B3-645B85A265DC}.Release|x86.Build.0 = Release|x86
	EndGlobalSection
	GlobalSection(SolutionProperties) = preSolution
		HideSolutionNode = FALSE
	EndGlobalSection
EndGlobal
