<?xml version="1.0" encoding="utf-8"?>
<Project ToolsVersion="4.0" xmlns="http://schemas.microsoft.com/developer/msbuild/2003">
  <ItemGroup>
    <ClInclude Include="nmrb.h">
      <Filter>header</Filter>
    </ClInclude>
    <ClInclude Include="Value.h">
      <Filter>header</Filter>
    </ClInclude>
    <ClInclude Include="State.h">
      <Filter>header</Filter>
    </ClInclude>
    <ClInclude Include="ArrayValue.h">
      <Filter>header</Filter>
    </ClInclude>
    <ClInclude Include="FalseValue.h">
      <Filter>header</Filter>
    </ClInclude>
    <ClInclude Include="FixnumValue.h">
      <Filter>header</Filter>
    </ClInclude>
    <ClInclude Include="FloatValue.h">
      <Filter>header</Filter>
    </ClInclude>
    <ClInclude Include="NilValue.h">
      <Filter>header</Filter>
    </ClInclude>
    <ClInclude Include="StringValue.h">
      <Filter>header</Filter>
    </ClInclude>
    <ClInclude Include="SymbolValue.h">
      <Filter>header</Filter>
    </ClInclude>
    <ClInclude Include="TrueValue.h">
      <Filter>header</Filter>
    </ClInclude>
    <ClInclude Include="ValueType.h">
      <Filter>header</Filter>
    </ClInclude>
    <ClInclude Include="HashValue.h">
      <Filter>header</Filter>
    </ClInclude>
  </ItemGroup>
  <ItemGroup>
    <Filter Include="header">
      <UniqueIdentifier>{9a9196e7-edfe-402b-9bf6-c6cef3ccff22}</UniqueIdentifier>
    </Filter>
    <Filter Include="source">
      <UniqueIdentifier>{874cba52-1401-4011-85db-5db9158483f8}</UniqueIdentifier>
    </Filter>
  </ItemGroup>
  <ItemGroup>
    <ClCompile Include="nmrb.cpp">
      <Filter>source</Filter>
    </ClCompile>
    <ClCompile Include="Value.cpp">
      <Filter>source</Filter>
    </ClCompile>
    <ClCompile Include="State.cpp">
      <Filter>source</Filter>
    </ClCompile>
  </ItemGroup>
</Project>